
Microsoft Visual Studio Solution File, Format Version 12.00
# Visual Studio 15
Project("{FAE04EC0-301F-11D3-BF4B-00C04F79EFBC}") = "Kalkuladora.Android", "Kalkuladora.Android\Kalkuladora.Android.csproj", "{88222F5B-9608-4577-BE28-8C064363CFF6}"
EndProject
Project("{FAE04EC0-301F-11D3-BF4B-00C04F79EFBC}") = "Kalkuladora.iOS", "Kalkuladora.iOS\Kalkuladora.iOS.csproj", "{54C0DA61-E256-4C41-810C-B7700EB88F71}"
EndProject
Project("{FAE04EC0-301F-11D3-BF4B-00C04F79EFBC}") = "Kalkuladora", "Kalkuladora\Kalkuladora.csproj", "{93EDFE3D-45C5-4B4C-928C-9E11F55D3A0E}"
EndProject
Global
	GlobalSection(SolutionConfigurationPlatforms) = preSolution
		Debug|Any CPU = Debug|Any CPU
		Release|Any CPU = Release|Any CPU
		Debug|iPhoneSimulator = Debug|iPhoneSimulator
		Release|iPhoneSimulator = Release|iPhoneSimulator
		Debug|iPhone = Debug|iPhone
		Release|iPhone = Release|iPhone
	EndGlobalSection
	GlobalSection(ProjectConfigurationPlatforms) = postSolution
		{88222F5B-9608-4577-BE28-8C064363CFF6}.Debug|Any CPU.ActiveCfg = Debug|Any CPU
		{88222F5B-9608-4577-BE28-8C064363CFF6}.Debug|Any CPU.Build.0 = Debug|Any CPU
		{88222F5B-9608-4577-BE28-8C064363CFF6}.Release|Any CPU.ActiveCfg = Release|Any CPU
		{88222F5B-9608-4577-BE28-8C064363CFF6}.Release|Any CPU.Build.0 = Release|Any CPU
		{88222F5B-9608-4577-BE28-8C064363CFF6}.Debug|iPhoneSimulator.ActiveCfg = Debug|Any CPU
		{88222F5B-9608-4577-BE28-8C064363CFF6}.Debug|iPhoneSimulator.Build.0 = Debug|Any CPU
		{88222F5B-9608-4577-BE28-8C064363CFF6}.Release|iPhoneSimulator.ActiveCfg = Release|Any CPU
		{88222F5B-9608-4577-BE28-8C064363CFF6}.Release|iPhoneSimulator.Build.0 = Release|Any CPU
		{88222F5B-9608-4577-BE28-8C064363CFF6}.Debug|iPhone.ActiveCfg = Debug|Any CPU
		{88222F5B-9608-4577-BE28-8C064363CFF6}.Debug|iPhone.Build.0 = Debug|Any CPU
		{88222F5B-9608-4577-BE28-8C064363CFF6}.Release|iPhone.ActiveCfg = Release|Any CPU
		{88222F5B-9608-4577-BE28-8C064363CFF6}.Release|iPhone.Build.0 = Release|Any CPU
		{54C0DA61-E256-4C41-810C-B7700EB88F71}.Debug|Any CPU.ActiveCfg = Debug|iPhoneSimulator
		{54C0DA61-E256-4C41-810C-B7700EB88F71}.Debug|Any CPU.Build.0 = Debug|iPhoneSimulator
		{54C0DA61-E256-4C41-810C-B7700EB88F71}.Release|Any CPU.ActiveCfg = Release|iPhoneSimulator
		{54C0DA61-E256-4C41-810C-B7700EB88F71}.Release|Any CPU.Build.0 = Release|iPhoneSimulator
		{54C0DA61-E256-4C41-810C-B7700EB88F71}.Debug|iPhoneSimulator.ActiveCfg = Debug|iPhoneSimulator
		{54C0DA61-E256-4C41-810C-B7700EB88F71}.Debug|iPhoneSimulator.Build.0 = Debug|iPhoneSimulator
		{54C0DA61-E256-4C41-810C-B7700EB88F71}.Release|iPhoneSimulator.ActiveCfg = Release|iPhoneSimulator
		{54C0DA61-E256-4C41-810C-B7700EB88F71}.Release|iPhoneSimulator.Build.0 = Release|iPhoneSimulator
		{54C0DA61-E256-4C41-810C-B7700EB88F71}.Debug|iPhone.ActiveCfg = Debug|iPhone
		{54C0DA61-E256-4C41-810C-B7700EB88F71}.Debug|iPhone.Build.0 = Debug|iPhone
		{54C0DA61-E256-4C41-810C-B7700EB88F71}.Release|iPhone.ActiveCfg = Release|iPhone
		{54C0DA61-E256-4C41-810C-B7700EB88F71}.Release|iPhone.Build.0 = Release|iPhone
		{93EDFE3D-45C5-4B4C-928C-9E11F55D3A0E}.Debug|Any CPU.ActiveCfg = Debug|Any CPU
		{93EDFE3D-45C5-4B4C-928C-9E11F55D3A0E}.Debug|Any CPU.Build.0 = Debug|Any CPU
		{93EDFE3D-45C5-4B4C-928C-9E11F55D3A0E}.Release|Any CPU.ActiveCfg = Release|Any CPU
		{93EDFE3D-45C5-4B4C-928C-9E11F55D3A0E}.Release|Any CPU.Build.0 = Release|Any CPU
		{93EDFE3D-45C5-4B4C-928C-9E11F55D3A0E}.Debug|iPhoneSimulator.ActiveCfg = Debug|Any CPU
		{93EDFE3D-45C5-4B4C-928C-9E11F55D3A0E}.Debug|iPhoneSimulator.Build.0 = Debug|Any CPU
		{93EDFE3D-45C5-4B4C-928C-9E11F55D3A0E}.Release|iPhoneSimulator.ActiveCfg = Release|Any CPU
		{93EDFE3D-45C5-4B4C-928C-9E11F55D3A0E}.Release|iPhoneSimulator.Build.0 = Release|Any CPU
		{93EDFE3D-45C5-4B4C-928C-9E11F55D3A0E}.Debug|iPhone.ActiveCfg = Debug|Any CPU
		{93EDFE3D-45C5-4B4C-928C-9E11F55D3A0E}.Debug|iPhone.Build.0 = Debug|Any CPU
		{93EDFE3D-45C5-4B4C-928C-9E11F55D3A0E}.Release|iPhone.ActiveCfg = Release|Any CPU
		{93EDFE3D-45C5-4B4C-928C-9E11F55D3A0E}.Release|iPhone.Build.0 = Release|Any CPU
	EndGlobalSection
EndGlobal
